// !$*UTF8*$!
{
	archiveVersion = 1;
	classes = {
	};
	objectVersion = 48;
	objects = {

/* Begin PBXBuildFile section */
		FCB7B2331FD856E80046AAB3 /* AppDelegate.swift in Sources */ = {isa = PBXBuildFile; fileRef = FCB7B2321FD856E80046AAB3 /* AppDelegate.swift */; };
		FCB7B2351FD856E80046AAB3 /* ViewController.swift in Sources */ = {isa = PBXBuildFile; fileRef = FCB7B2341FD856E80046AAB3 /* ViewController.swift */; };
		FCB7B2381FD856E80046AAB3 /* Main.storyboard in Resources */ = {isa = PBXBuildFile; fileRef = FCB7B2361FD856E80046AAB3 /* Main.storyboard */; };
		FCB7B23A1FD856E80046AAB3 /* Assets.xcassets in Resources */ = {isa = PBXBuildFile; fileRef = FCB7B2391FD856E80046AAB3 /* Assets.xcassets */; };
		FCB7B23D1FD856E80046AAB3 /* LaunchScreen.storyboard in Resources */ = {isa = PBXBuildFile; fileRef = FCB7B23B1FD856E80046AAB3 /* LaunchScreen.storyboard */; };
		FCB7B2481FD856E80046AAB3 /* aoc_5Tests.swift in Sources */ = {isa = PBXBuildFile; fileRef = FCB7B2471FD856E80046AAB3 /* aoc_5Tests.swift */; };
/* End PBXBuildFile section */

/* Begin PBXContainerItemProxy section */
		FCB7B2441FD856E80046AAB3 /* PBXContainerItemProxy */ = {
			isa = PBXContainerItemProxy;
			containerPortal = FCB7B2271FD856E80046AAB3 /* Project object */;
			proxyType = 1;
			remoteGlobalIDString = FCB7B22E1FD856E80046AAB3;
			remoteInfo = "aoc-5";
		};
/* End PBXContainerItemProxy section */

/* Begin PBXFileReference section */
		FCB7B22F1FD856E80046AAB3 /* aoc-5.app */ = {isa = PBXFileReference; explicitFileType = wrapper.application; includeInIndex = 0; path = "aoc-5.app"; sourceTree = BUILT_PRODUCTS_DIR; };
		FCB7B2321FD856E80046AAB3 /* AppDelegate.swift */ = {isa = PBXFileReference; lastKnownFileType = sourcecode.swift; path = AppDelegate.swift; sourceTree = "<group>"; };
		FCB7B2341FD856E80046AAB3 /* ViewController.swift */ = {isa = PBXFileReference; lastKnownFileType = sourcecode.swift; path = ViewController.swift; sourceTree = "<group>"; };
		FCB7B2371FD856E80046AAB3 /* Base */ = {isa = PBXFileReference; lastKnownFileType = file.storyboard; name = Base; path = Base.lproj/Main.storyboard; sourceTree = "<group>"; };
		FCB7B2391FD856E80046AAB3 /* Assets.xcassets */ = {isa = PBXFileReference; lastKnownFileType = folder.assetcatalog; path = Assets.xcassets; sourceTree = "<group>"; };
		FCB7B23C1FD856E80046AAB3 /* Base */ = {isa = PBXFileReference; lastKnownFileType = file.storyboard; name = Base; path = Base.lproj/LaunchScreen.storyboard; sourceTree = "<group>"; };
		FCB7B23E1FD856E80046AAB3 /* Info.plist */ = {isa = PBXFileReference; lastKnownFileType = text.plist.xml; path = Info.plist; sourceTree = "<group>"; };
		FCB7B2431FD856E80046AAB3 /* aoc-5Tests.xctest */ = {isa = PBXFileReference; explicitFileType = wrapper.cfbundle; includeInIndex = 0; path = "aoc-5Tests.xctest"; sourceTree = BUILT_PRODUCTS_DIR; };
		FCB7B2471FD856E80046AAB3 /* aoc_5Tests.swift */ = {isa = PBXFileReference; lastKnownFileType = sourcecode.swift; path = aoc_5Tests.swift; sourceTree = "<group>"; };
		FCB7B2491FD856E80046AAB3 /* Info.plist */ = {isa = PBXFileReference; lastKnownFileType = text.plist.xml; path = Info.plist; sourceTree = "<group>"; };
/* End PBXFileReference section */

/* Begin PBXFrameworksBuildPhase section */
		FCB7B22C1FD856E80046AAB3 /* Frameworks */ = {
			isa = PBXFrameworksBuildPhase;
			buildActionMask = 2147483647;
			files = (
			);
			runOnlyForDeploymentPostprocessing = 0;
		};
		FCB7B2401FD856E80046AAB3 /* Frameworks */ = {
			isa = PBXFrameworksBuildPhase;
			buildActionMask = 2147483647;
			files = (
			);
			runOnlyForDeploymentPostprocessing = 0;
		};
/* End PBXFrameworksBuildPhase section */

/* Begin PBXGroup section */
		FCB7B2261FD856E80046AAB3 = {
			isa = PBXGroup;
			children = (
				FCB7B2311FD856E80046AAB3 /* aoc-5 */,
				FCB7B2461FD856E80046AAB3 /* aoc-5Tests */,
				FCB7B2301FD856E80046AAB3 /* Products */,
			);
			sourceTree = "<group>";
		};
		FCB7B2301FD856E80046AAB3 /* Products */ = {
			isa = PBXGroup;
			children = (
				FCB7B22F1FD856E80046AAB3 /* aoc-5.app */,
				FCB7B2431FD856E80046AAB3 /* aoc-5Tests.xctest */,
			);
			name = Products;
			sourceTree = "<group>";
		};
		FCB7B2311FD856E80046AAB3 /* aoc-5 */ = {
			isa = PBXGroup;
			children = (
				FCB7B2321FD856E80046AAB3 /* AppDelegate.swift */,
				FCB7B2341FD856E80046AAB3 /* ViewController.swift */,
				FCB7B2361FD856E80046AAB3 /* Main.storyboard */,
				FCB7B2391FD856E80046AAB3 /* Assets.xcassets */,
				FCB7B23B1FD856E80046AAB3 /* LaunchScreen.storyboard */,
				FCB7B23E1FD856E80046AAB3 /* Info.plist */,
			);
			path = "aoc-5";
			sourceTree = "<group>";
		};
		FCB7B2461FD856E80046AAB3 /* aoc-5Tests */ = {
			isa = PBXGroup;
			children = (
				FCB7B2471FD856E80046AAB3 /* aoc_5Tests.swift */,
				FCB7B2491FD856E80046AAB3 /* Info.plist */,
			);
			path = "aoc-5Tests";
			sourceTree = "<group>";
		};
/* End PBXGroup section */

/* Begin PBXNativeTarget section */
		FCB7B22E1FD856E80046AAB3 /* aoc-5 */ = {
			isa = PBXNativeTarget;
			buildConfigurationList = FCB7B24C1FD856E80046AAB3 /* Build configuration list for PBXNativeTarget "aoc-5" */;
			buildPhases = (
				FCB7B22B1FD856E80046AAB3 /* Sources */,
				FCB7B22C1FD856E80046AAB3 /* Frameworks */,
				FCB7B22D1FD856E80046AAB3 /* Resources */,
			);
			buildRules = (
			);
			dependencies = (
			);
			name = "aoc-5";
			productName = "aoc-5";
			productReference = FCB7B22F1FD856E80046AAB3 /* aoc-5.app */;
			productType = "com.apple.product-type.application";
		};
		FCB7B2421FD856E80046AAB3 /* aoc-5Tests */ = {
			isa = PBXNativeTarget;
			buildConfigurationList = FCB7B24F1FD856E80046AAB3 /* Build configuration list for PBXNativeTarget "aoc-5Tests" */;
			buildPhases = (
				FCB7B23F1FD856E80046AAB3 /* Sources */,
				FCB7B2401FD856E80046AAB3 /* Frameworks */,
				FCB7B2411FD856E80046AAB3 /* Resources */,
			);
			buildRules = (
			);
			dependencies = (
				FCB7B2451FD856E80046AAB3 /* PBXTargetDependency */,
			);
			name = "aoc-5Tests";
			productName = "aoc-5Tests";
			productReference = FCB7B2431FD856E80046AAB3 /* aoc-5Tests.xctest */;
			productType = "com.apple.product-type.bundle.unit-test";
		};
/* End PBXNativeTarget section */

/* Begin PBXProject section */
		FCB7B2271FD856E80046AAB3 /* Project object */ = {
			isa = PBXProject;
			attributes = {
				LastSwiftUpdateCheck = 0900;
				LastUpgradeCheck = 0900;
				ORGANIZATIONNAME = jordangriffin;
				TargetAttributes = {
					FCB7B22E1FD856E80046AAB3 = {
						CreatedOnToolsVersion = 9.0;
						ProvisioningStyle = Automatic;
					};
					FCB7B2421FD856E80046AAB3 = {
						CreatedOnToolsVersion = 9.0;
						ProvisioningStyle = Automatic;
						TestTargetID = FCB7B22E1FD856E80046AAB3;
					};
				};
			};
			buildConfigurationList = FCB7B22A1FD856E80046AAB3 /* Build configuration list for PBXProject "aoc-5" */;
			compatibilityVersion = "Xcode 8.0";
			developmentRegion = en;
			hasScannedForEncodings = 0;
			knownRegions = (
				en,
				Base,
			);
			mainGroup = FCB7B2261FD856E80046AAB3;
			productRefGroup = FCB7B2301FD856E80046AAB3 /* Products */;
			projectDirPath = "";
			projectRoot = "";
			targets = (
				FCB7B22E1FD856E80046AAB3 /* aoc-5 */,
				FCB7B2421FD856E80046AAB3 /* aoc-5Tests */,
			);
		};
/* End PBXProject section */

/* Begin PBXResourcesBuildPhase section */
		FCB7B22D1FD856E80046AAB3 /* Resources */ = {
			isa = PBXResourcesBuildPhase;
			buildActionMask = 2147483647;
			files = (
				FCB7B23D1FD856E80046AAB3 /* LaunchScreen.storyboard in Resources */,
				FCB7B23A1FD856E80046AAB3 /* Assets.xcassets in Resources */,
				FCB7B2381FD856E80046AAB3 /* Main.storyboard in Resources */,
			);
			runOnlyForDeploymentPostprocessing = 0;
		};
		FCB7B2411FD856E80046AAB3 /* Resources */ = {
			isa = PBXResourcesBuildPhase;
			buildActionMask = 2147483647;
			files = (
			);
			runOnlyForDeploymentPostprocessing = 0;
		};
/* End PBXResourcesBuildPhase section */

/* Begin PBXSourcesBuildPhase section */
		FCB7B22B1FD856E80046AAB3 /* Sources */ = {
			isa = PBXSourcesBuildPhase;
			buildActionMask = 2147483647;
			files = (
				FCB7B2351FD856E80046AAB3 /* ViewController.swift in Sources */,
				FCB7B2331FD856E80046AAB3 /* AppDelegate.swift in Sources */,
			);
			runOnlyForDeploymentPostprocessing = 0;
		};
		FCB7B23F1FD856E80046AAB3 /* Sources */ = {
			isa = PBXSourcesBuildPhase;
			buildActionMask = 2147483647;
			files = (
				FCB7B2481FD856E80046AAB3 /* aoc_5Tests.swift in Sources */,
			);
			runOnlyForDeploymentPostprocessing = 0;
		};
/* End PBXSourcesBuildPhase section */

/* Begin PBXTargetDependency section */
		FCB7B2451FD856E80046AAB3 /* PBXTargetDependency */ = {
			isa = PBXTargetDependency;
			target = FCB7B22E1FD856E80046AAB3 /* aoc-5 */;
			targetProxy = FCB7B2441FD856E80046AAB3 /* PBXContainerItemProxy */;
		};
/* End PBXTargetDependency section */

/* Begin PBXVariantGroup section */
		FCB7B2361FD856E80046AAB3 /* Main.storyboard */ = {
			isa = PBXVariantGroup;
			children = (
				FCB7B2371FD856E80046AAB3 /* Base */,
			);
			name = Main.storyboard;
			sourceTree = "<group>";
		};
		FCB7B23B1FD856E80046AAB3 /* LaunchScreen.storyboard */ = {
			isa = PBXVariantGroup;
			children = (
				FCB7B23C1FD856E80046AAB3 /* Base */,
			);
			name = LaunchScreen.storyboard;
			sourceTree = "<group>";
		};
/* End PBXVariantGroup section */

/* Begin XCBuildConfiguration section */
		FCB7B24A1FD856E80046AAB3 /* Debug */ = {
			isa = XCBuildConfiguration;
			buildSettings = {
				ALWAYS_SEARCH_USER_PATHS = NO;
				CLANG_ANALYZER_NONNULL = YES;
				CLANG_ANALYZER_NUMBER_OBJECT_CONVERSION = YES_AGGRESSIVE;
				CLANG_CXX_LANGUAGE_STANDARD = "gnu++14";
				CLANG_CXX_LIBRARY = "libc++";
				CLANG_ENABLE_MODULES = YES;
				CLANG_ENABLE_OBJC_ARC = YES;
				CLANG_WARN_BLOCK_CAPTURE_AUTORELEASING = YES;
				CLANG_WARN_BOOL_CONVERSION = YES;
				CLANG_WARN_COMMA = YES;
				CLANG_WARN_CONSTANT_CONVERSION = YES;
				CLANG_WARN_DIRECT_OBJC_ISA_USAGE = YES_ERROR;
				CLANG_WARN_DOCUMENTATION_COMMENTS = YES;
				CLANG_WARN_EMPTY_BODY = YES;
				CLANG_WARN_ENUM_CONVERSION = YES;
				CLANG_WARN_INFINITE_RECURSION = YES;
				CLANG_WARN_INT_CONVERSION = YES;
				CLANG_WARN_NON_LITERAL_NULL_CONVERSION = YES;
				CLANG_WARN_OBJC_LITERAL_CONVERSION = YES;
				CLANG_WARN_OBJC_ROOT_CLASS = YES_ERROR;
				CLANG_WARN_RANGE_LOOP_ANALYSIS = YES;
				CLANG_WARN_STRICT_PROTOTYPES = YES;
				CLANG_WARN_SUSPICIOUS_MOVE = YES;
				CLANG_WARN_UNGUARDED_AVAILABILITY = YES_AGGRESSIVE;
				CLANG_WARN_UNREACHABLE_CODE = YES;
				CLANG_WARN__DUPLICATE_METHOD_MATCH = YES;
				CODE_SIGN_IDENTITY = "iPhone Developer";
				COPY_PHASE_STRIP = NO;
				DEBUG_INFORMATION_FORMAT = dwarf;
				ENABLE_STRICT_OBJC_MSGSEND = YES;
				ENABLE_TESTABILITY = YES;
				GCC_C_LANGUAGE_STANDARD = gnu11;
				GCC_DYNAMIC_NO_PIC = NO;
				GCC_NO_COMMON_BLOCKS = YES;
				GCC_OPTIMIZATION_LEVEL = 0;
				GCC_PREPROCESSOR_DEFINITIONS = (
					"DEBUG=1",
					"$(inherited)",
				);
				GCC_WARN_64_TO_32_BIT_CONVERSION = YES;
				GCC_WARN_ABOUT_RETURN_TYPE = YES_ERROR;
				GCC_WARN_UNDECLARED_SELECTOR = YES;
				GCC_WARN_UNINITIALIZED_AUTOS = YES_AGGRESSIVE;
				GCC_WARN_UNUSED_FUNCTION = YES;
				GCC_WARN_UNUSED_VARIABLE = YES;
				IPHONEOS_DEPLOYMENT_TARGET = 11.0;
				MTL_ENABLE_DEBUG_INFO = YES;
				ONLY_ACTIVE_ARCH = YES;
				SDKROOT = iphoneos;
				SWIFT_ACTIVE_COMPILATION_CONDITIONS = DEBUG;
				SWIFT_OPTIMIZATION_LEVEL = "-Onone";
			};
			name = Debug;
		};
		FCB7B24B1FD856E80046AAB3 /* Release */ = {
			isa = XCBuildConfiguration;
			buildSettings = {
				ALWAYS_SEARCH_USER_PATHS = NO;
				CLANG_ANALYZER_NONNULL = YES;
				CLANG_ANALYZER_NUMBER_OBJECT_CONVERSION = YES_AGGRESSIVE;
				CLANG_CXX_LANGUAGE_STANDARD = "gnu++14";
				CLANG_CXX_LIBRARY = "libc++";
				CLANG_ENABLE_MODULES = YES;
				CLANG_ENABLE_OBJC_ARC = YES;
				CLANG_WARN_BLOCK_CAPTURE_AUTORELEASING = YES;
				CLANG_WARN_BOOL_CONVERSION = YES;
				CLANG_WARN_COMMA = YES;
				CLANG_WARN_CONSTANT_CONVERSION = YES;
				CLANG_WARN_DIRECT_OBJC_ISA_USAGE = YES_ERROR;
				CLANG_WARN_DOCUMENTATION_COMMENTS = YES;
				CLANG_WARN_EMPTY_BODY = YES;
				CLANG_WARN_ENUM_CONVERSION = YES;
				CLANG_WARN_INFINITE_RECURSION = YES;
				CLANG_WARN_INT_CONVERSION = YES;
				CLANG_WARN_NON_LITERAL_NULL_CONVERSION = YES;
				CLANG_WARN_OBJC_LITERAL_CONVERSION = YES;
				CLANG_WARN_OBJC_ROOT_CLASS = YES_ERROR;
				CLANG_WARN_RANGE_LOOP_ANALYSIS = YES;
				CLANG_WARN_STRICT_PROTOTYPES = YES;
				CLANG_WARN_SUSPICIOUS_MOVE = YES;
				CLANG_WARN_UNGUARDED_AVAILABILITY = YES_AGGRESSIVE;
				CLANG_WARN_UNREACHABLE_CODE = YES;
				CLANG_WARN__DUPLICATE_METHOD_MATCH = YES;
				CODE_SIGN_IDENTITY = "iPhone Developer";
				COPY_PHASE_STRIP = NO;
				DEBUG_INFORMATION_FORMAT = "dwarf-with-dsym";
				ENABLE_NS_ASSERTIONS = NO;
				ENABLE_STRICT_OBJC_MSGSEND = YES;
				GCC_C_LANGUAGE_STANDARD = gnu11;
				GCC_NO_COMMON_BLOCKS = YES;
				GCC_WARN_64_TO_32_BIT_CONVERSION = YES;
				GCC_WARN_ABOUT_RETURN_TYPE = YES_ERROR;
				GCC_WARN_UNDECLARED_SELECTOR = YES;
				GCC_WARN_UNINITIALIZED_AUTOS = YES_AGGRESSIVE;
				GCC_WARN_UNUSED_FUNCTION = YES;
				GCC_WARN_UNUSED_VARIABLE = YES;
				IPHONEOS_DEPLOYMENT_TARGET = 11.0;
				MTL_ENABLE_DEBUG_INFO = NO;
				SDKROOT = iphoneos;
				SWIFT_OPTIMIZATION_LEVEL = "-Owholemodule";
				VALIDATE_PRODUCT = YES;
			};
			name = Release;
		};
		FCB7B24D1FD856E80046AAB3 /* Debug */ = {
			isa = XCBuildConfiguration;
			buildSettings = {
				ASSETCATALOG_COMPILER_APPICON_NAME = AppIcon;
				CODE_SIGN_STYLE = Automatic;
				INFOPLIST_FILE = "aoc-5/Info.plist";
				LD_RUNPATH_SEARCH_PATHS = "$(inherited) @executable_path/Frameworks";
				PRODUCT_BUNDLE_IDENTIFIER = "com.jordangriffin.aoc-5";
				PRODUCT_NAME = "$(TARGET_NAME)";
				SWIFT_VERSION = 4.0;
				TARGETED_DEVICE_FAMILY = "1,2";
			};
			name = Debug;
		};
		FCB7B24E1FD856E80046AAB3 /* Release */ = {
			isa = XCBuildConfiguration;
			buildSettings = {
				ASSETCATALOG_COMPILER_APPICON_NAME = AppIcon;
				CODE_SIGN_STYLE = Automatic;
				INFOPLIST_FILE = "aoc-5/Info.plist";
				LD_RUNPATH_SEARCH_PATHS = "$(inherited) @executable_path/Frameworks";
				PRODUCT_BUNDLE_IDENTIFIER = "com.jordangriffin.aoc-5";
				PRODUCT_NAME = "$(TARGET_NAME)";
				SWIFT_VERSION = 4.0;
				TARGETED_DEVICE_FAMILY = "1,2";
			};
			name = Release;
		};
		FCB7B2501FD856E80046AAB3 /* Debug */ = {
			isa = XCBuildConfiguration;
			buildSettings = {
				ALWAYS_EMBED_SWIFT_STANDARD_LIBRARIES = YES;
				BUNDLE_LOADER = "$(TEST_HOST)";
				CODE_SIGN_STYLE = Automatic;
				INFOPLIST_FILE = "aoc-5Tests/Info.plist";
				LD_RUNPATH_SEARCH_PATHS = "$(inherited) @executable_path/Frameworks @loader_path/Frameworks";
				PRODUCT_BUNDLE_IDENTIFIER = "com.jordangriffin.aoc-5Tests";
				PRODUCT_NAME = "$(TARGET_NAME)";
				SWIFT_VERSION = 4.0;
				TARGETED_DEVICE_FAMILY = "1,2";
				TEST_HOST = "$(BUILT_PRODUCTS_DIR)/aoc-5.app/aoc-5";
			};
			name = Debug;
		};
		FCB7B2511FD856E80046AAB3 /* Release */ = {
			isa = XCBuildConfiguration;
			buildSettings = {
				ALWAYS_EMBED_SWIFT_STANDARD_LIBRARIES = YES;
				BUNDLE_LOADER = "$(TEST_HOST)";
				CODE_SIGN_STYLE = Automatic;
				INFOPLIST_FILE = "aoc-5Tests/Info.plist";
				LD_RUNPATH_SEARCH_PATHS = "$(inherited) @executable_path/Frameworks @loader_path/Frameworks";
				PRODUCT_BUNDLE_IDENTIFIER = "com.jordangriffin.aoc-5Tests";
				PRODUCT_NAME = "$(TARGET_NAME)";
				SWIFT_VERSION = 4.0;
				TARGETED_DEVICE_FAMILY = "1,2";
				TEST_HOST = "$(BUILT_PRODUCTS_DIR)/aoc-5.app/aoc-5";
			};
			name = Release;
		};
/* End XCBuildConfiguration section */

/* Begin XCConfigurationList section */
		FCB7B22A1FD856E80046AAB3 /* Build configuration list for PBXProject "aoc-5" */ = {
			isa = XCConfigurationList;
			buildConfigurations = (
				FCB7B24A1FD856E80046AAB3 /* Debug */,
				FCB7B24B1FD856E80046AAB3 /* Release */,
			);
			defaultConfigurationIsVisible = 0;
			defaultConfigurationName = Release;
		};
		FCB7B24C1FD856E80046AAB3 /* Build configuration list for PBXNativeTarget "aoc-5" */ = {
			isa = XCConfigurationList;
			buildConfigurations = (
				FCB7B24D1FD856E80046AAB3 /* Debug */,
				FCB7B24E1FD856E80046AAB3 /* Release */,
			);
			defaultConfigurationIsVisible = 0;
			defaultConfigurationName = Release;
		};
		FCB7B24F1FD856E80046AAB3 /* Build configuration list for PBXNativeTarget "aoc-5Tests" */ = {
			isa = XCConfigurationList;
			buildConfigurations = (
				FCB7B2501FD856E80046AAB3 /* Debug */,
				FCB7B2511FD856E80046AAB3 /* Release */,
			);
			defaultConfigurationIsVisible = 0;
			defaultConfigurationName = Release;
		};
/* End XCConfigurationList section */
	};
	rootObject = FCB7B2271FD856E80046AAB3 /* Project object */;
}
